
Microsoft Visual Studio Solution File, Format Version 12.00
Project("{9A19103F-16F7-4668-BE54-9A1E7A4F7556}") = "_build", "build\_build.csproj", "{725B99A5-6E58-4431-9B1F-EA6BA23BA070}"
EndProject
Project("{2150E333-8FDC-42A3-9474-1A3956D46DE8}") = "Microservices", "Microservices", "{82175B22-B3E6-4CCB-A8AF-F6D0FE022924}"
EndProject
Project("{2150E333-8FDC-42A3-9474-1A3956D46DE8}") = "Infrastructure", "Infrastructure", "{5DBA376D-3EF3-4390-8EB3-BED592095C1D}"
EndProject
Project("{2150E333-8FDC-42A3-9474-1A3956D46DE8}") = "Common", "Common", "{7452D666-7B38-4070-A7F3-F7EDADB83741}"
EndProject
Project("{FAE04EC0-301F-11D3-BF4B-00C04F79EFBC}") = "MusicApp.Application", "source\MusicApp.Application\MusicApp.Application.csproj", "{86B5C265-E894-48CC-95EF-571D9809B491}"
EndProject
Project("{2150E333-8FDC-42A3-9474-1A3956D46DE8}") = "Test", "Test", "{0E4060B2-09D2-466E-802B-67685616BBBD}"
EndProject
Project("{FAE04EC0-301F-11D3-BF4B-00C04F79EFBC}") = "MusicApp.Infrastructure", "source\MusicApp.Infrastructure\MusicApp.Infrastructure.csproj", "{3ECFBFC2-1D07-4A2D-9157-7E7710A3E2E8}"
EndProject
Project("{FAE04EC0-301F-11D3-BF4B-00C04F79EFBC}") = "MusicApp.Authentication", "source\MusicApp.Authentication\MusicApp.Authentication.csproj", "{4D0BA293-603D-4A3A-8437-B833D761DA56}"
EndProject
Project("{FAE04EC0-301F-11D3-BF4B-00C04F79EFBC}") = "MusicApp.Playlist", "source\MusicApp.Playlist\MusicApp.Playlist.csproj", "{41E5364F-59E4-4294-A959-0ECA8AB15EBF}"
EndProject
Project("{FAE04EC0-301F-11D3-BF4B-00C04F79EFBC}") = "MusicApp.Recommendations", "source\MusicApp.Recommendations\MusicApp.Recommendations.csproj", "{2A163A66-837D-4C44-82DE-4D8D135BE2D9}"
EndProject
Project("{FAE04EC0-301F-11D3-BF4B-00C04F79EFBC}") = "MusicApp.MusicManagement", "source\MusicApp.MusicManagement\MusicApp.MusicManagement.csproj", "{D83BC79A-1374-4C3C-8426-7C3B04B2B027}"
EndProject
Project("{FAE04EC0-301F-11D3-BF4B-00C04F79EFBC}") = "MusicApp.MusicDelivery", "source\MusicApp.MusicDelivery\MusicApp.MusicDelivery.csproj", "{839B606F-9CF6-46F2-8ED9-582E348876E7}"
EndProject
Project("{FAE04EC0-301F-11D3-BF4B-00C04F79EFBC}") = "MusicApp.ReverseProxy", "source\MusicApp.ReverseProxy\MusicApp.ReverseProxy.csproj", "{D31C2A7E-1A20-4EF7-B086-FA863DA65106}"
EndProject
Project("{FAE04EC0-301F-11D3-BF4B-00C04F79EFBC}") = "MusicApp.Desktop", "source\MusicApp.Desktop\MusicApp.Desktop.csproj", "{872EA8D3-9B04-448A-BF7C-BD28553C8CEB}"
EndProject
Project("{FAE04EC0-301F-11D3-BF4B-00C04F79EFBC}") = "MusicApp.LoggingService", "source\MusicApp.LoggingService\MusicApp.LoggingService.csproj", "{5A308C1A-C1C9-4252-9832-E19981BF1A80}"
EndProject
Project("{FAE04EC0-301F-11D3-BF4B-00C04F79EFBC}") = "MusicApp.Logging", "source\MusicApp.Logging\MusicApp.Logging.csproj", "{314C9AEF-A537-45D8-87D9-5059546A1DEA}"
EndProject
Global
	GlobalSection(SolutionConfigurationPlatforms) = preSolution
		Debug|Any CPU = Debug|Any CPU
		Release|Any CPU = Release|Any CPU
	EndGlobalSection
	GlobalSection(NestedProjects) = preSolution
		{86B5C265-E894-48CC-95EF-571D9809B491} = {7452D666-7B38-4070-A7F3-F7EDADB83741}
		{3ECFBFC2-1D07-4A2D-9157-7E7710A3E2E8} = {5DBA376D-3EF3-4390-8EB3-BED592095C1D}
		{4D0BA293-603D-4A3A-8437-B833D761DA56} = {82175B22-B3E6-4CCB-A8AF-F6D0FE022924}
		{41E5364F-59E4-4294-A959-0ECA8AB15EBF} = {82175B22-B3E6-4CCB-A8AF-F6D0FE022924}
		{2A163A66-837D-4C44-82DE-4D8D135BE2D9} = {82175B22-B3E6-4CCB-A8AF-F6D0FE022924}
		{D83BC79A-1374-4C3C-8426-7C3B04B2B027} = {82175B22-B3E6-4CCB-A8AF-F6D0FE022924}
		{839B606F-9CF6-46F2-8ED9-582E348876E7} = {82175B22-B3E6-4CCB-A8AF-F6D0FE022924}
		{5A308C1A-C1C9-4252-9832-E19981BF1A80} = {82175B22-B3E6-4CCB-A8AF-F6D0FE022924}
		{314C9AEF-A537-45D8-87D9-5059546A1DEA} = {7452D666-7B38-4070-A7F3-F7EDADB83741}
	EndGlobalSection
	GlobalSection(ProjectConfigurationPlatforms) = postSolution
		{725B99A5-6E58-4431-9B1F-EA6BA23BA070}.Debug|Any CPU.ActiveCfg = Debug|Any CPU
		{725B99A5-6E58-4431-9B1F-EA6BA23BA070}.Release|Any CPU.ActiveCfg = Release|Any CPU
		{86B5C265-E894-48CC-95EF-571D9809B491}.Debug|Any CPU.ActiveCfg = Debug|Any CPU
		{86B5C265-E894-48CC-95EF-571D9809B491}.Debug|Any CPU.Build.0 = Debug|Any CPU
		{86B5C265-E894-48CC-95EF-571D9809B491}.Release|Any CPU.ActiveCfg = Release|Any CPU
		{86B5C265-E894-48CC-95EF-571D9809B491}.Release|Any CPU.Build.0 = Release|Any CPU
		{3ECFBFC2-1D07-4A2D-9157-7E7710A3E2E8}.Debug|Any CPU.ActiveCfg = Debug|Any CPU
		{3ECFBFC2-1D07-4A2D-9157-7E7710A3E2E8}.Debug|Any CPU.Build.0 = Debug|Any CPU
		{3ECFBFC2-1D07-4A2D-9157-7E7710A3E2E8}.Release|Any CPU.ActiveCfg = Release|Any CPU
		{3ECFBFC2-1D07-4A2D-9157-7E7710A3E2E8}.Release|Any CPU.Build.0 = Release|Any CPU
		{4D0BA293-603D-4A3A-8437-B833D761DA56}.Debug|Any CPU.ActiveCfg = Debug|Any CPU
		{4D0BA293-603D-4A3A-8437-B833D761DA56}.Debug|Any CPU.Build.0 = Debug|Any CPU
		{4D0BA293-603D-4A3A-8437-B833D761DA56}.Release|Any CPU.ActiveCfg = Release|Any CPU
		{4D0BA293-603D-4A3A-8437-B833D761DA56}.Release|Any CPU.Build.0 = Release|Any CPU
		{41E5364F-59E4-4294-A959-0ECA8AB15EBF}.Debug|Any CPU.ActiveCfg = Debug|Any CPU
		{41E5364F-59E4-4294-A959-0ECA8AB15EBF}.Debug|Any CPU.Build.0 = Debug|Any CPU
		{41E5364F-59E4-4294-A959-0ECA8AB15EBF}.Release|Any CPU.ActiveCfg = Release|Any CPU
		{41E5364F-59E4-4294-A959-0ECA8AB15EBF}.Release|Any CPU.Build.0 = Release|Any CPU
		{2A163A66-837D-4C44-82DE-4D8D135BE2D9}.Debug|Any CPU.ActiveCfg = Debug|Any CPU
		{2A163A66-837D-4C44-82DE-4D8D135BE2D9}.Debug|Any CPU.Build.0 = Debug|Any CPU
		{2A163A66-837D-4C44-82DE-4D8D135BE2D9}.Release|Any CPU.ActiveCfg = Release|Any CPU
		{2A163A66-837D-4C44-82DE-4D8D135BE2D9}.Release|Any CPU.Build.0 = Release|Any CPU
		{D83BC79A-1374-4C3C-8426-7C3B04B2B027}.Debug|Any CPU.ActiveCfg = Debug|Any CPU
		{D83BC79A-1374-4C3C-8426-7C3B04B2B027}.Debug|Any CPU.Build.0 = Debug|Any CPU
		{D83BC79A-1374-4C3C-8426-7C3B04B2B027}.Release|Any CPU.ActiveCfg = Release|Any CPU
		{D83BC79A-1374-4C3C-8426-7C3B04B2B027}.Release|Any CPU.Build.0 = Release|Any CPU
		{839B606F-9CF6-46F2-8ED9-582E348876E7}.Debug|Any CPU.ActiveCfg = Debug|Any CPU
		{839B606F-9CF6-46F2-8ED9-582E348876E7}.Debug|Any CPU.Build.0 = Debug|Any CPU
		{839B606F-9CF6-46F2-8ED9-582E348876E7}.Release|Any CPU.ActiveCfg = Release|Any CPU
		{839B606F-9CF6-46F2-8ED9-582E348876E7}.Release|Any CPU.Build.0 = Release|Any CPU
		{D31C2A7E-1A20-4EF7-B086-FA863DA65106}.Debug|Any CPU.ActiveCfg = Debug|Any CPU
		{D31C2A7E-1A20-4EF7-B086-FA863DA65106}.Debug|Any CPU.Build.0 = Debug|Any CPU
		{D31C2A7E-1A20-4EF7-B086-FA863DA65106}.Release|Any CPU.ActiveCfg = Release|Any CPU
		{D31C2A7E-1A20-4EF7-B086-FA863DA65106}.Release|Any CPU.Build.0 = Release|Any CPU
		{872EA8D3-9B04-448A-BF7C-BD28553C8CEB}.Debug|Any CPU.ActiveCfg = Debug|Any CPU
		{872EA8D3-9B04-448A-BF7C-BD28553C8CEB}.Debug|Any CPU.Build.0 = Debug|Any CPU
		{872EA8D3-9B04-448A-BF7C-BD28553C8CEB}.Release|Any CPU.ActiveCfg = Release|Any CPU
		{872EA8D3-9B04-448A-BF7C-BD28553C8CEB}.Release|Any CPU.Build.0 = Release|Any CPU
		{5A308C1A-C1C9-4252-9832-E19981BF1A80}.Debug|Any CPU.ActiveCfg = Debug|Any CPU
		{5A308C1A-C1C9-4252-9832-E19981BF1A80}.Debug|Any CPU.Build.0 = Debug|Any CPU
		{5A308C1A-C1C9-4252-9832-E19981BF1A80}.Release|Any CPU.ActiveCfg = Release|Any CPU
		{5A308C1A-C1C9-4252-9832-E19981BF1A80}.Release|Any CPU.Build.0 = Release|Any CPU
		{314C9AEF-A537-45D8-87D9-5059546A1DEA}.Debug|Any CPU.ActiveCfg = Debug|Any CPU
		{314C9AEF-A537-45D8-87D9-5059546A1DEA}.Debug|Any CPU.Build.0 = Debug|Any CPU
		{314C9AEF-A537-45D8-87D9-5059546A1DEA}.Release|Any CPU.ActiveCfg = Release|Any CPU
		{314C9AEF-A537-45D8-87D9-5059546A1DEA}.Release|Any CPU.Build.0 = Release|Any CPU
	EndGlobalSection
EndGlobal
