
Microsoft Visual Studio Solution File, Format Version 12.00
Project("{2150E333-8FDC-42A3-9474-1A3956D46DE8}") = "App", "App", "{DC991F0D-B8CB-40D8-A3A7-93EDFA3FD605}"
EndProject
Project("{2150E333-8FDC-42A3-9474-1A3956D46DE8}") = "Test", "Test", "{46804AF7-7A25-4179-BFC5-B0636E0FB4D2}"
EndProject
Project("{FAE04EC0-301F-11D3-BF4B-00C04F79EFBC}") = "MusicApp.UI", "MusicApp.UI\MusicApp.UI.csproj", "{D778BB0D-CF0D-403B-8733-1694D0F872EA}"
EndProject
Project("{FAE04EC0-301F-11D3-BF4B-00C04F79EFBC}") = "MusicApp.WebApi", "MusicApp.WebApi\MusicApp.WebApi.csproj", "{D87F0D8A-AA32-4EED-8187-B1A4BB7B9509}"
EndProject
Project("{FAE04EC0-301F-11D3-BF4B-00C04F79EFBC}") = "MusicApp.Common", "MusicApp.Common\MusicApp.Common.csproj", "{6A3FEDBD-57A6-4029-BD33-4D5CA55B4B27}"
EndProject
Project("{FAE04EC0-301F-11D3-BF4B-00C04F79EFBC}") = "MusicApp.Test", "MusicApp.Test\MusicApp.Test.csproj", "{5491A151-DE11-4C13-9D63-51AD20F22C00}"
EndProject
Global
	GlobalSection(SolutionConfigurationPlatforms) = preSolution
		Debug|Any CPU = Debug|Any CPU
		Release|Any CPU = Release|Any CPU
	EndGlobalSection
	GlobalSection(NestedProjects) = preSolution
		{D778BB0D-CF0D-403B-8733-1694D0F872EA} = {DC991F0D-B8CB-40D8-A3A7-93EDFA3FD605}
		{D87F0D8A-AA32-4EED-8187-B1A4BB7B9509} = {DC991F0D-B8CB-40D8-A3A7-93EDFA3FD605}
		{6A3FEDBD-57A6-4029-BD33-4D5CA55B4B27} = {DC991F0D-B8CB-40D8-A3A7-93EDFA3FD605}
		{5491A151-DE11-4C13-9D63-51AD20F22C00} = {46804AF7-7A25-4179-BFC5-B0636E0FB4D2}
	EndGlobalSection
	GlobalSection(ProjectConfigurationPlatforms) = postSolution
		{D778BB0D-CF0D-403B-8733-1694D0F872EA}.Debug|Any CPU.ActiveCfg = Debug|Any CPU
		{D778BB0D-CF0D-403B-8733-1694D0F872EA}.Debug|Any CPU.Build.0 = Debug|Any CPU
		{D778BB0D-CF0D-403B-8733-1694D0F872EA}.Release|Any CPU.ActiveCfg = Release|Any CPU
		{D778BB0D-CF0D-403B-8733-1694D0F872EA}.Release|Any CPU.Build.0 = Release|Any CPU
		{D87F0D8A-AA32-4EED-8187-B1A4BB7B9509}.Debug|Any CPU.ActiveCfg = Debug|Any CPU
		{D87F0D8A-AA32-4EED-8187-B1A4BB7B9509}.Debug|Any CPU.Build.0 = Debug|Any CPU
		{D87F0D8A-AA32-4EED-8187-B1A4BB7B9509}.Release|Any CPU.ActiveCfg = Release|Any CPU
		{D87F0D8A-AA32-4EED-8187-B1A4BB7B9509}.Release|Any CPU.Build.0 = Release|Any CPU
		{6A3FEDBD-57A6-4029-BD33-4D5CA55B4B27}.Debug|Any CPU.ActiveCfg = Debug|Any CPU
		{6A3FEDBD-57A6-4029-BD33-4D5CA55B4B27}.Debug|Any CPU.Build.0 = Debug|Any CPU
		{6A3FEDBD-57A6-4029-BD33-4D5CA55B4B27}.Release|Any CPU.ActiveCfg = Release|Any CPU
		{6A3FEDBD-57A6-4029-BD33-4D5CA55B4B27}.Release|Any CPU.Build.0 = Release|Any CPU
		{5491A151-DE11-4C13-9D63-51AD20F22C00}.Debug|Any CPU.ActiveCfg = Debug|Any CPU
		{5491A151-DE11-4C13-9D63-51AD20F22C00}.Debug|Any CPU.Build.0 = Debug|Any CPU
		{5491A151-DE11-4C13-9D63-51AD20F22C00}.Release|Any CPU.ActiveCfg = Release|Any CPU
		{5491A151-DE11-4C13-9D63-51AD20F22C00}.Release|Any CPU.Build.0 = Release|Any CPU
	EndGlobalSection
EndGlobal
